
Microsoft Visual Studio Solution File, Format Version 12.00
# Visual Studio Version 16
VisualStudioVersion = 16.0.31424.327
MinimumVisualStudioVersion = 10.0.40219.1
Project("{FAE04EC0-301F-11D3-BF4B-00C04F79EFBC}") = "CodeKatasTests", "CodeKatasTests\CodeKatasTests.csproj", "{B0BEA422-665F-4DAB-BF24-AF0391BDD784}"
EndProject
Project("{FAE04EC0-301F-11D3-BF4B-00C04F79EFBC}") = "CodeKatasMethods", "CodeKatasMethods\CodeKatasMethods.csproj", "{7F5884CE-6764-4263-8B60-5AF0019634A6}"
EndProject
Global
	GlobalSection(SolutionConfigurationPlatforms) = preSolution
		Debug|Any CPU = Debug|Any CPU
		Release|Any CPU = Release|Any CPU
	EndGlobalSection
	GlobalSection(ProjectConfigurationPlatforms) = postSolution
		{B0BEA422-665F-4DAB-BF24-AF0391BDD784}.Debug|Any CPU.ActiveCfg = Debug|Any CPU
		{B0BEA422-665F-4DAB-BF24-AF0391BDD784}.Debug|Any CPU.Build.0 = Debug|Any CPU
		{B0BEA422-665F-4DAB-BF24-AF0391BDD784}.Release|Any CPU.ActiveCfg = Release|Any CPU
		{B0BEA422-665F-4DAB-BF24-AF0391BDD784}.Release|Any CPU.Build.0 = Release|Any CPU
		{7F5884CE-6764-4263-8B60-5AF0019634A6}.Debug|Any CPU.ActiveCfg = Debug|Any CPU
		{7F5884CE-6764-4263-8B60-5AF0019634A6}.Debug|Any CPU.Build.0 = Debug|Any CPU
		{7F5884CE-6764-4263-8B60-5AF0019634A6}.Release|Any CPU.ActiveCfg = Release|Any CPU
		{7F5884CE-6764-4263-8B60-5AF0019634A6}.Release|Any CPU.Build.0 = Release|Any CPU
	EndGlobalSection
	GlobalSection(SolutionProperties) = preSolution
		HideSolutionNode = FALSE
	EndGlobalSection
	GlobalSection(ExtensibilityGlobals) = postSolution
		SolutionGuid = {58711019-9FA7-41BE-9F7D-1E3DB4476EBB}
	EndGlobalSection
EndGlobal
